
Microsoft Visual Studio Solution File, Format Version 12.00
# Visual Studio Version 17
VisualStudioVersion = 17.3.32819.101
MinimumVisualStudioVersion = 10.0.40219.1
Project("{9A19103F-16F7-4668-BE54-9A1E7A4F7556}") = "SurfsUp", "SurfsUp.csproj", "{AAED3A46-7F19-4FBE-A96E-3F2BECFEF1EA}"
EndProject
Global
	GlobalSection(SolutionConfigurationPlatforms) = preSolution
		Debug|Any CPU = Debug|Any CPU
		Release|Any CPU = Release|Any CPU
	EndGlobalSection
	GlobalSection(ProjectConfigurationPlatforms) = postSolution
		{AAED3A46-7F19-4FBE-A96E-3F2BECFEF1EA}.Debug|Any CPU.ActiveCfg = Debug|Any CPU
		{AAED3A46-7F19-4FBE-A96E-3F2BECFEF1EA}.Debug|Any CPU.Build.0 = Debug|Any CPU
		{AAED3A46-7F19-4FBE-A96E-3F2BECFEF1EA}.Release|Any CPU.ActiveCfg = Release|Any CPU
		{AAED3A46-7F19-4FBE-A96E-3F2BECFEF1EA}.Release|Any CPU.Build.0 = Release|Any CPU
	EndGlobalSection
	GlobalSection(SolutionProperties) = preSolution
		HideSolutionNode = FALSE
	EndGlobalSection
	GlobalSection(ExtensibilityGlobals) = postSolution
		SolutionGuid = {B4C1B350-D472-4954-959D-74759C9A7954}
	EndGlobalSection
EndGlobal
