
Microsoft Visual Studio Solution File, Format Version 12.00
# Visual Studio Version 17
VisualStudioVersion = 17.3.32819.101
MinimumVisualStudioVersion = 10.0.40219.1
Project("{9A19103F-16F7-4668-BE54-9A1E7A4F7556}") = "SurfsUp", "SurfsUp.csproj", "{AAED3A46-7F19-4FBE-A96E-3F2BECFEF1EA}"
EndProject
Project("{9A19103F-16F7-4668-BE54-9A1E7A4F7556}") = "SurfsUp-API", "..\SurfsUp-API\SurfsUp-API.csproj", "{B62D5822-F9DF-48AB-BB26-4FB3C6F9AFAA}"
EndProject
Project("{9A19103F-16F7-4668-BE54-9A1E7A4F7556}") = "SurfsUp-Blazor", "..\SurfsUp-Blazor\SurfsUp-Blazor.csproj", "{D1FAB6D2-5797-4112-ADFF-8D5030CEACF6}"
EndProject
Project("{9A19103F-16F7-4668-BE54-9A1E7A4F7556}") = "SurfsUp-Models", "..\SurfsUp-Models\SurfsUp-Models.csproj", "{EE93780A-F4D8-49A8-AB4A-382754206433}"
EndProject
Global
	GlobalSection(SolutionConfigurationPlatforms) = preSolution
		Debug|Any CPU = Debug|Any CPU
		Release|Any CPU = Release|Any CPU
	EndGlobalSection
	GlobalSection(ProjectConfigurationPlatforms) = postSolution
		{AAED3A46-7F19-4FBE-A96E-3F2BECFEF1EA}.Debug|Any CPU.ActiveCfg = Debug|Any CPU
		{AAED3A46-7F19-4FBE-A96E-3F2BECFEF1EA}.Debug|Any CPU.Build.0 = Debug|Any CPU
		{AAED3A46-7F19-4FBE-A96E-3F2BECFEF1EA}.Release|Any CPU.ActiveCfg = Release|Any CPU
		{AAED3A46-7F19-4FBE-A96E-3F2BECFEF1EA}.Release|Any CPU.Build.0 = Release|Any CPU
		{B62D5822-F9DF-48AB-BB26-4FB3C6F9AFAA}.Debug|Any CPU.ActiveCfg = Debug|Any CPU
		{B62D5822-F9DF-48AB-BB26-4FB3C6F9AFAA}.Debug|Any CPU.Build.0 = Debug|Any CPU
		{B62D5822-F9DF-48AB-BB26-4FB3C6F9AFAA}.Release|Any CPU.ActiveCfg = Release|Any CPU
		{B62D5822-F9DF-48AB-BB26-4FB3C6F9AFAA}.Release|Any CPU.Build.0 = Release|Any CPU
		{D1FAB6D2-5797-4112-ADFF-8D5030CEACF6}.Debug|Any CPU.ActiveCfg = Debug|Any CPU
		{D1FAB6D2-5797-4112-ADFF-8D5030CEACF6}.Debug|Any CPU.Build.0 = Debug|Any CPU
		{D1FAB6D2-5797-4112-ADFF-8D5030CEACF6}.Release|Any CPU.ActiveCfg = Release|Any CPU
		{D1FAB6D2-5797-4112-ADFF-8D5030CEACF6}.Release|Any CPU.Build.0 = Release|Any CPU
		{EE93780A-F4D8-49A8-AB4A-382754206433}.Debug|Any CPU.ActiveCfg = Debug|Any CPU
		{EE93780A-F4D8-49A8-AB4A-382754206433}.Debug|Any CPU.Build.0 = Debug|Any CPU
		{EE93780A-F4D8-49A8-AB4A-382754206433}.Release|Any CPU.ActiveCfg = Release|Any CPU
		{EE93780A-F4D8-49A8-AB4A-382754206433}.Release|Any CPU.Build.0 = Release|Any CPU
	EndGlobalSection
	GlobalSection(SolutionProperties) = preSolution
		HideSolutionNode = FALSE
	EndGlobalSection
	GlobalSection(ExtensibilityGlobals) = postSolution
		SolutionGuid = {B4C1B350-D472-4954-959D-74759C9A7954}
	EndGlobalSection
EndGlobal
